
Microsoft Visual Studio Solution File, Format Version 12.00
# Visual Studio 15
VisualStudioVersion = 15.0.27004.2005
MinimumVisualStudioVersion = 10.0.40219.1
Project("{9A19103F-16F7-4668-BE54-9A1E7A4F7556}") = "AzureFunction.SampleNet", "AzureFunction.SampleNet\AzureFunction.SampleNet.csproj", "{75B222E3-ECDD-4760-B047-26D3A2C2C2DB}"
EndProject
Project("{9A19103F-16F7-4668-BE54-9A1E7A4F7556}") = "BlockChain.Contracts", "BlockChain.Contracts\BlockChain.Contracts.csproj", "{EFF6D6E3-8134-40B6-828A-286ABBEC08EC}"
EndProject
Global
	GlobalSection(SolutionConfigurationPlatforms) = preSolution
		Debug|Any CPU = Debug|Any CPU
		Release|Any CPU = Release|Any CPU
	EndGlobalSection
	GlobalSection(ProjectConfigurationPlatforms) = postSolution
		{75B222E3-ECDD-4760-B047-26D3A2C2C2DB}.Debug|Any CPU.ActiveCfg = Debug|Any CPU
		{75B222E3-ECDD-4760-B047-26D3A2C2C2DB}.Debug|Any CPU.Build.0 = Debug|Any CPU
		{75B222E3-ECDD-4760-B047-26D3A2C2C2DB}.Release|Any CPU.ActiveCfg = Release|Any CPU
		{75B222E3-ECDD-4760-B047-26D3A2C2C2DB}.Release|Any CPU.Build.0 = Release|Any CPU
		{EFF6D6E3-8134-40B6-828A-286ABBEC08EC}.Debug|Any CPU.ActiveCfg = Debug|Any CPU
		{EFF6D6E3-8134-40B6-828A-286ABBEC08EC}.Debug|Any CPU.Build.0 = Debug|Any CPU
		{EFF6D6E3-8134-40B6-828A-286ABBEC08EC}.Release|Any CPU.ActiveCfg = Release|Any CPU
		{EFF6D6E3-8134-40B6-828A-286ABBEC08EC}.Release|Any CPU.Build.0 = Release|Any CPU
	EndGlobalSection
	GlobalSection(SolutionProperties) = preSolution
		HideSolutionNode = FALSE
	EndGlobalSection
	GlobalSection(ExtensibilityGlobals) = postSolution
		SolutionGuid = {D2254669-BDAE-456D-B159-74DB76510EC1}
	EndGlobalSection
EndGlobal
